PODS:
  - ChromaColorPicker (2.0.2)
  - SSZipArchive (2.6.0)

DEPENDENCIES:
  - ChromaColorPicker (~> 2.0.2)
  - SSZipArchive (~> 2.6.0)

SPEC REPOS:
  trunk:
    - ChromaColorPicker
    - SSZipArchive

SPEC CHECKSUMS:
  ChromaColorPicker: 307585f2dc23d4d72f24cad320c1e08825cb5c09
  SSZipArchive: 8a6ee5677c8e304bebc109e39cf0da91ccef22ea

PODFILE CHECKSUM: 5cd8141e729e43ab4826a7d976396b0c69852a76

COCOAPODS: 1.14.3
